
Microsoft Visual Studio Solution File, Format Version 12.00
# Visual Studio 15
VisualStudioVersion = 15.0.28307.168
MinimumVisualStudioVersion = 10.0.40219.1
Project("{FAE04EC0-301F-11D3-BF4B-00C04F79EFBC}") = "FreeMusic", "FreeMusic\FreeMusic.csproj", "{DF0AA8D3-CA7B-4245-85F7-86E05C79E90A}"
EndProject
Global
	GlobalSection(SolutionConfigurationPlatforms) = preSolution
		Debug|Any CPU = Debug|Any CPU
		Release|Any CPU = Release|Any CPU
	EndGlobalSection
	GlobalSection(ProjectConfigurationPlatforms) = postSolution
		{DF0AA8D3-CA7B-4245-85F7-86E05C79E90A}.Debug|Any CPU.ActiveCfg = Debug|Any CPU
		{DF0AA8D3-CA7B-4245-85F7-86E05C79E90A}.Debug|Any CPU.Build.0 = Debug|Any CPU
		{DF0AA8D3-CA7B-4245-85F7-86E05C79E90A}.Release|Any CPU.ActiveCfg = Release|Any CPU
		{DF0AA8D3-CA7B-4245-85F7-86E05C79E90A}.Release|Any CPU.Build.0 = Release|Any CPU
	EndGlobalSection
	GlobalSection(SolutionProperties) = preSolution
		HideSolutionNode = FALSE
	EndGlobalSection
	GlobalSection(ExtensibilityGlobals) = postSolution
		SolutionGuid = {C8AD4F4B-D9C4-471D-AA80-B234E434249B}
	EndGlobalSection
EndGlobal
